
Microsoft Visual Studio Solution File, Format Version 12.00
# Visual Studio Version 17
VisualStudioVersion = 17.4.33205.214
MinimumVisualStudioVersion = 10.0.40219.1
Project("{9A19103F-16F7-4668-BE54-9A1E7A4F7556}") = "WpfApp", "WpfApp\WpfApp.csproj", "{0F0FDB07-5CE6-45AB-BDF6-2F01B401ABF4}"
EndProject
Project("{9A19103F-16F7-4668-BE54-9A1E7A4F7556}") = "StandardModel", "StandardModel\StandardModel.csproj", "{1A89188B-8C11-4E87-A905-00B507A0E65C}"
EndProject
Project("{9A19103F-16F7-4668-BE54-9A1E7A4F7556}") = "WpfBaseClasses", "WpfBaseClasses\WpfBaseClasses.csproj", "{A7C2FBA6-91E4-4C39-8232-37DDB66B2458}"
EndProject
Project("{9A19103F-16F7-4668-BE54-9A1E7A4F7556}") = "WpfViewModel", "WpfViewModel\WpfViewModel.csproj", "{3E1B5EAC-C997-4EA9-96B5-8F3D2DF87CD1}"
EndProject
Project("{FAE04EC0-301F-11D3-BF4B-00C04F79EFBC}") = "UwpBaseClasses", "UwpBaseClasses\UwpBaseClasses.csproj", "{4063C7AD-A133-4784-B46E-949E311929B0}"
EndProject
Project("{FAE04EC0-301F-11D3-BF4B-00C04F79EFBC}") = "UwpViewModel", "UwpViewModel\UwpViewModel.csproj", "{4AD345A0-FD8F-4480-A15C-7BB67F36E267}"
EndProject
Project("{FAE04EC0-301F-11D3-BF4B-00C04F79EFBC}") = "UwpApp", "UwpApp\UwpApp.csproj", "{45697040-6CCA-4A5E-A346-67C9951AFDEC}"
EndProject
Project("{FAE04EC0-301F-11D3-BF4B-00C04F79EFBC}") = "App1Uwp", "App1Uwp\App1Uwp.csproj", "{C4EDE2C7-0435-4372-8B46-161B463C5E43}"
EndProject
Project("{FAE04EC0-301F-11D3-BF4B-00C04F79EFBC}") = "UwpBaseClasses1", "UwpBaseClasses1\UwpBaseClasses1.csproj", "{57BBE66A-5E48-4FC8-8606-52E8147BEE62}"
EndProject
Global
	GlobalSection(SolutionConfigurationPlatforms) = preSolution
		Debug|Any CPU = Debug|Any CPU
		Debug|ARM = Debug|ARM
		Debug|ARM64 = Debug|ARM64
		Debug|x64 = Debug|x64
		Debug|x86 = Debug|x86
		Release|Any CPU = Release|Any CPU
		Release|ARM = Release|ARM
		Release|ARM64 = Release|ARM64
		Release|x64 = Release|x64
		Release|x86 = Release|x86
	EndGlobalSection
	GlobalSection(ProjectConfigurationPlatforms) = postSolution
		{0F0FDB07-5CE6-45AB-BDF6-2F01B401ABF4}.Debug|Any CPU.ActiveCfg = Debug|Any CPU
		{0F0FDB07-5CE6-45AB-BDF6-2F01B401ABF4}.Debug|Any CPU.Build.0 = Debug|Any CPU
		{0F0FDB07-5CE6-45AB-BDF6-2F01B401ABF4}.Debug|ARM.ActiveCfg = Debug|Any CPU
		{0F0FDB07-5CE6-45AB-BDF6-2F01B401ABF4}.Debug|ARM.Build.0 = Debug|Any CPU
		{0F0FDB07-5CE6-45AB-BDF6-2F01B401ABF4}.Debug|ARM64.ActiveCfg = Debug|Any CPU
		{0F0FDB07-5CE6-45AB-BDF6-2F01B401ABF4}.Debug|ARM64.Build.0 = Debug|Any CPU
		{0F0FDB07-5CE6-45AB-BDF6-2F01B401ABF4}.Debug|x64.ActiveCfg = Debug|Any CPU
		{0F0FDB07-5CE6-45AB-BDF6-2F01B401ABF4}.Debug|x64.Build.0 = Debug|Any CPU
		{0F0FDB07-5CE6-45AB-BDF6-2F01B401ABF4}.Debug|x86.ActiveCfg = Debug|Any CPU
		{0F0FDB07-5CE6-45AB-BDF6-2F01B401ABF4}.Debug|x86.Build.0 = Debug|Any CPU
		{0F0FDB07-5CE6-45AB-BDF6-2F01B401ABF4}.Release|Any CPU.ActiveCfg = Release|Any CPU
		{0F0FDB07-5CE6-45AB-BDF6-2F01B401ABF4}.Release|Any CPU.Build.0 = Release|Any CPU
		{0F0FDB07-5CE6-45AB-BDF6-2F01B401ABF4}.Release|ARM.ActiveCfg = Release|Any CPU
		{0F0FDB07-5CE6-45AB-BDF6-2F01B401ABF4}.Release|ARM.Build.0 = Release|Any CPU
		{0F0FDB07-5CE6-45AB-BDF6-2F01B401ABF4}.Release|ARM64.ActiveCfg = Release|Any CPU
		{0F0FDB07-5CE6-45AB-BDF6-2F01B401ABF4}.Release|ARM64.Build.0 = Release|Any CPU
		{0F0FDB07-5CE6-45AB-BDF6-2F01B401ABF4}.Release|x64.ActiveCfg = Release|Any CPU
		{0F0FDB07-5CE6-45AB-BDF6-2F01B401ABF4}.Release|x64.Build.0 = Release|Any CPU
		{0F0FDB07-5CE6-45AB-BDF6-2F01B401ABF4}.Release|x86.ActiveCfg = Release|Any CPU
		{0F0FDB07-5CE6-45AB-BDF6-2F01B401ABF4}.Release|x86.Build.0 = Release|Any CPU
		{1A89188B-8C11-4E87-A905-00B507A0E65C}.Debug|Any CPU.ActiveCfg = Debug|Any CPU
		{1A89188B-8C11-4E87-A905-00B507A0E65C}.Debug|Any CPU.Build.0 = Debug|Any CPU
		{1A89188B-8C11-4E87-A905-00B507A0E65C}.Debug|ARM.ActiveCfg = Debug|Any CPU
		{1A89188B-8C11-4E87-A905-00B507A0E65C}.Debug|ARM.Build.0 = Debug|Any CPU
		{1A89188B-8C11-4E87-A905-00B507A0E65C}.Debug|ARM64.ActiveCfg = Debug|Any CPU
		{1A89188B-8C11-4E87-A905-00B507A0E65C}.Debug|ARM64.Build.0 = Debug|Any CPU
		{1A89188B-8C11-4E87-A905-00B507A0E65C}.Debug|x64.ActiveCfg = Debug|Any CPU
		{1A89188B-8C11-4E87-A905-00B507A0E65C}.Debug|x64.Build.0 = Debug|Any CPU
		{1A89188B-8C11-4E87-A905-00B507A0E65C}.Debug|x86.ActiveCfg = Debug|Any CPU
		{1A89188B-8C11-4E87-A905-00B507A0E65C}.Debug|x86.Build.0 = Debug|Any CPU
		{1A89188B-8C11-4E87-A905-00B507A0E65C}.Release|Any CPU.ActiveCfg = Release|Any CPU
		{1A89188B-8C11-4E87-A905-00B507A0E65C}.Release|Any CPU.Build.0 = Release|Any CPU
		{1A89188B-8C11-4E87-A905-00B507A0E65C}.Release|ARM.ActiveCfg = Release|Any CPU
		{1A89188B-8C11-4E87-A905-00B507A0E65C}.Release|ARM.Build.0 = Release|Any CPU
		{1A89188B-8C11-4E87-A905-00B507A0E65C}.Release|ARM64.ActiveCfg = Release|Any CPU
		{1A89188B-8C11-4E87-A905-00B507A0E65C}.Release|ARM64.Build.0 = Release|Any CPU
		{1A89188B-8C11-4E87-A905-00B507A0E65C}.Release|x64.ActiveCfg = Release|Any CPU
		{1A89188B-8C11-4E87-A905-00B507A0E65C}.Release|x64.Build.0 = Release|Any CPU
		{1A89188B-8C11-4E87-A905-00B507A0E65C}.Release|x86.ActiveCfg = Release|Any CPU
		{1A89188B-8C11-4E87-A905-00B507A0E65C}.Release|x86.Build.0 = Release|Any CPU
		{A7C2FBA6-91E4-4C39-8232-37DDB66B2458}.Debug|Any CPU.ActiveCfg = Debug|Any CPU
		{A7C2FBA6-91E4-4C39-8232-37DDB66B2458}.Debug|Any CPU.Build.0 = Debug|Any CPU
		{A7C2FBA6-91E4-4C39-8232-37DDB66B2458}.Debug|ARM.ActiveCfg = Debug|Any CPU
		{A7C2FBA6-91E4-4C39-8232-37DDB66B2458}.Debug|ARM.Build.0 = Debug|Any CPU
		{A7C2FBA6-91E4-4C39-8232-37DDB66B2458}.Debug|ARM64.ActiveCfg = Debug|Any CPU
		{A7C2FBA6-91E4-4C39-8232-37DDB66B2458}.Debug|ARM64.Build.0 = Debug|Any CPU
		{A7C2FBA6-91E4-4C39-8232-37DDB66B2458}.Debug|x64.ActiveCfg = Debug|Any CPU
		{A7C2FBA6-91E4-4C39-8232-37DDB66B2458}.Debug|x64.Build.0 = Debug|Any CPU
		{A7C2FBA6-91E4-4C39-8232-37DDB66B2458}.Debug|x86.ActiveCfg = Debug|Any CPU
		{A7C2FBA6-91E4-4C39-8232-37DDB66B2458}.Debug|x86.Build.0 = Debug|Any CPU
		{A7C2FBA6-91E4-4C39-8232-37DDB66B2458}.Release|Any CPU.ActiveCfg = Release|Any CPU
		{A7C2FBA6-91E4-4C39-8232-37DDB66B2458}.Release|Any CPU.Build.0 = Release|Any CPU
		{A7C2FBA6-91E4-4C39-8232-37DDB66B2458}.Release|ARM.ActiveCfg = Release|Any CPU
		{A7C2FBA6-91E4-4C39-8232-37DDB66B2458}.Release|ARM.Build.0 = Release|Any CPU
		{A7C2FBA6-91E4-4C39-8232-37DDB66B2458}.Release|ARM64.ActiveCfg = Release|Any CPU
		{A7C2FBA6-91E4-4C39-8232-37DDB66B2458}.Release|ARM64.Build.0 = Release|Any CPU
		{A7C2FBA6-91E4-4C39-8232-37DDB66B2458}.Release|x64.ActiveCfg = Release|Any CPU
		{A7C2FBA6-91E4-4C39-8232-37DDB66B2458}.Release|x64.Build.0 = Release|Any CPU
		{A7C2FBA6-91E4-4C39-8232-37DDB66B2458}.Release|x86.ActiveCfg = Release|Any CPU
		{A7C2FBA6-91E4-4C39-8232-37DDB66B2458}.Release|x86.Build.0 = Release|Any CPU
		{3E1B5EAC-C997-4EA9-96B5-8F3D2DF87CD1}.Debug|Any CPU.ActiveCfg = Debug|Any CPU
		{3E1B5EAC-C997-4EA9-96B5-8F3D2DF87CD1}.Debug|Any CPU.Build.0 = Debug|Any CPU
		{3E1B5EAC-C997-4EA9-96B5-8F3D2DF87CD1}.Debug|ARM.ActiveCfg = Debug|Any CPU
		{3E1B5EAC-C997-4EA9-96B5-8F3D2DF87CD1}.Debug|ARM.Build.0 = Debug|Any CPU
		{3E1B5EAC-C997-4EA9-96B5-8F3D2DF87CD1}.Debug|ARM64.ActiveCfg = Debug|Any CPU
		{3E1B5EAC-C997-4EA9-96B5-8F3D2DF87CD1}.Debug|ARM64.Build.0 = Debug|Any CPU
		{3E1B5EAC-C997-4EA9-96B5-8F3D2DF87CD1}.Debug|x64.ActiveCfg = Debug|Any CPU
		{3E1B5EAC-C997-4EA9-96B5-8F3D2DF87CD1}.Debug|x64.Build.0 = Debug|Any CPU
		{3E1B5EAC-C997-4EA9-96B5-8F3D2DF87CD1}.Debug|x86.ActiveCfg = Debug|Any CPU
		{3E1B5EAC-C997-4EA9-96B5-8F3D2DF87CD1}.Debug|x86.Build.0 = Debug|Any CPU
		{3E1B5EAC-C997-4EA9-96B5-8F3D2DF87CD1}.Release|Any CPU.ActiveCfg = Release|Any CPU
		{3E1B5EAC-C997-4EA9-96B5-8F3D2DF87CD1}.Release|Any CPU.Build.0 = Release|Any CPU
		{3E1B5EAC-C997-4EA9-96B5-8F3D2DF87CD1}.Release|ARM.ActiveCfg = Release|Any CPU
		{3E1B5EAC-C997-4EA9-96B5-8F3D2DF87CD1}.Release|ARM.Build.0 = Release|Any CPU
		{3E1B5EAC-C997-4EA9-96B5-8F3D2DF87CD1}.Release|ARM64.ActiveCfg = Release|Any CPU
		{3E1B5EAC-C997-4EA9-96B5-8F3D2DF87CD1}.Release|ARM64.Build.0 = Release|Any CPU
		{3E1B5EAC-C997-4EA9-96B5-8F3D2DF87CD1}.Release|x64.ActiveCfg = Release|Any CPU
		{3E1B5EAC-C997-4EA9-96B5-8F3D2DF87CD1}.Release|x64.Build.0 = Release|Any CPU
		{3E1B5EAC-C997-4EA9-96B5-8F3D2DF87CD1}.Release|x86.ActiveCfg = Release|Any CPU
		{3E1B5EAC-C997-4EA9-96B5-8F3D2DF87CD1}.Release|x86.Build.0 = Release|Any CPU
		{4063C7AD-A133-4784-B46E-949E311929B0}.Debug|Any CPU.ActiveCfg = Debug|Any CPU
		{4063C7AD-A133-4784-B46E-949E311929B0}.Debug|Any CPU.Build.0 = Debug|Any CPU
		{4063C7AD-A133-4784-B46E-949E311929B0}.Debug|ARM.ActiveCfg = Debug|ARM
		{4063C7AD-A133-4784-B46E-949E311929B0}.Debug|ARM.Build.0 = Debug|ARM
		{4063C7AD-A133-4784-B46E-949E311929B0}.Debug|ARM64.ActiveCfg = Debug|ARM64
		{4063C7AD-A133-4784-B46E-949E311929B0}.Debug|ARM64.Build.0 = Debug|ARM64
		{4063C7AD-A133-4784-B46E-949E311929B0}.Debug|x64.ActiveCfg = Debug|x64
		{4063C7AD-A133-4784-B46E-949E311929B0}.Debug|x64.Build.0 = Debug|x64
		{4063C7AD-A133-4784-B46E-949E311929B0}.Debug|x86.ActiveCfg = Debug|x86
		{4063C7AD-A133-4784-B46E-949E311929B0}.Debug|x86.Build.0 = Debug|x86
		{4063C7AD-A133-4784-B46E-949E311929B0}.Release|Any CPU.ActiveCfg = Release|Any CPU
		{4063C7AD-A133-4784-B46E-949E311929B0}.Release|Any CPU.Build.0 = Release|Any CPU
		{4063C7AD-A133-4784-B46E-949E311929B0}.Release|ARM.ActiveCfg = Release|ARM
		{4063C7AD-A133-4784-B46E-949E311929B0}.Release|ARM.Build.0 = Release|ARM
		{4063C7AD-A133-4784-B46E-949E311929B0}.Release|ARM64.ActiveCfg = Release|ARM64
		{4063C7AD-A133-4784-B46E-949E311929B0}.Release|ARM64.Build.0 = Release|ARM64
		{4063C7AD-A133-4784-B46E-949E311929B0}.Release|x64.ActiveCfg = Release|x64
		{4063C7AD-A133-4784-B46E-949E311929B0}.Release|x64.Build.0 = Release|x64
		{4063C7AD-A133-4784-B46E-949E311929B0}.Release|x86.ActiveCfg = Release|x86
		{4063C7AD-A133-4784-B46E-949E311929B0}.Release|x86.Build.0 = Release|x86
		{4AD345A0-FD8F-4480-A15C-7BB67F36E267}.Debug|Any CPU.ActiveCfg = Debug|Any CPU
		{4AD345A0-FD8F-4480-A15C-7BB67F36E267}.Debug|Any CPU.Build.0 = Debug|Any CPU
		{4AD345A0-FD8F-4480-A15C-7BB67F36E267}.Debug|ARM.ActiveCfg = Debug|ARM
		{4AD345A0-FD8F-4480-A15C-7BB67F36E267}.Debug|ARM.Build.0 = Debug|ARM
		{4AD345A0-FD8F-4480-A15C-7BB67F36E267}.Debug|ARM64.ActiveCfg = Debug|ARM64
		{4AD345A0-FD8F-4480-A15C-7BB67F36E267}.Debug|ARM64.Build.0 = Debug|ARM64
		{4AD345A0-FD8F-4480-A15C-7BB67F36E267}.Debug|x64.ActiveCfg = Debug|x64
		{4AD345A0-FD8F-4480-A15C-7BB67F36E267}.Debug|x64.Build.0 = Debug|x64
		{4AD345A0-FD8F-4480-A15C-7BB67F36E267}.Debug|x86.ActiveCfg = Debug|x86
		{4AD345A0-FD8F-4480-A15C-7BB67F36E267}.Debug|x86.Build.0 = Debug|x86
		{4AD345A0-FD8F-4480-A15C-7BB67F36E267}.Release|Any CPU.ActiveCfg = Release|Any CPU
		{4AD345A0-FD8F-4480-A15C-7BB67F36E267}.Release|Any CPU.Build.0 = Release|Any CPU
		{4AD345A0-FD8F-4480-A15C-7BB67F36E267}.Release|ARM.ActiveCfg = Release|ARM
		{4AD345A0-FD8F-4480-A15C-7BB67F36E267}.Release|ARM.Build.0 = Release|ARM
		{4AD345A0-FD8F-4480-A15C-7BB67F36E267}.Release|ARM64.ActiveCfg = Release|ARM64
		{4AD345A0-FD8F-4480-A15C-7BB67F36E267}.Release|ARM64.Build.0 = Release|ARM64
		{4AD345A0-FD8F-4480-A15C-7BB67F36E267}.Release|x64.ActiveCfg = Release|x64
		{4AD345A0-FD8F-4480-A15C-7BB67F36E267}.Release|x64.Build.0 = Release|x64
		{4AD345A0-FD8F-4480-A15C-7BB67F36E267}.Release|x86.ActiveCfg = Release|x86
		{4AD345A0-FD8F-4480-A15C-7BB67F36E267}.Release|x86.Build.0 = Release|x86
		{45697040-6CCA-4A5E-A346-67C9951AFDEC}.Debug|Any CPU.ActiveCfg = Debug|x64
		{45697040-6CCA-4A5E-A346-67C9951AFDEC}.Debug|Any CPU.Build.0 = Debug|x64
		{45697040-6CCA-4A5E-A346-67C9951AFDEC}.Debug|Any CPU.Deploy.0 = Debug|x64
		{45697040-6CCA-4A5E-A346-67C9951AFDEC}.Debug|ARM.ActiveCfg = Debug|ARM
		{45697040-6CCA-4A5E-A346-67C9951AFDEC}.Debug|ARM.Build.0 = Debug|ARM
		{45697040-6CCA-4A5E-A346-67C9951AFDEC}.Debug|ARM.Deploy.0 = Debug|ARM
		{45697040-6CCA-4A5E-A346-67C9951AFDEC}.Debug|ARM64.ActiveCfg = Debug|ARM64
		{45697040-6CCA-4A5E-A346-67C9951AFDEC}.Debug|ARM64.Build.0 = Debug|ARM64
		{45697040-6CCA-4A5E-A346-67C9951AFDEC}.Debug|ARM64.Deploy.0 = Debug|ARM64
		{45697040-6CCA-4A5E-A346-67C9951AFDEC}.Debug|x64.ActiveCfg = Debug|x64
		{45697040-6CCA-4A5E-A346-67C9951AFDEC}.Debug|x64.Build.0 = Debug|x64
		{45697040-6CCA-4A5E-A346-67C9951AFDEC}.Debug|x64.Deploy.0 = Debug|x64
		{45697040-6CCA-4A5E-A346-67C9951AFDEC}.Debug|x86.ActiveCfg = Debug|x86
		{45697040-6CCA-4A5E-A346-67C9951AFDEC}.Debug|x86.Build.0 = Debug|x86
		{45697040-6CCA-4A5E-A346-67C9951AFDEC}.Debug|x86.Deploy.0 = Debug|x86
		{45697040-6CCA-4A5E-A346-67C9951AFDEC}.Release|Any CPU.ActiveCfg = Release|x64
		{45697040-6CCA-4A5E-A346-67C9951AFDEC}.Release|Any CPU.Build.0 = Release|x64
		{45697040-6CCA-4A5E-A346-67C9951AFDEC}.Release|Any CPU.Deploy.0 = Release|x64
		{45697040-6CCA-4A5E-A346-67C9951AFDEC}.Release|ARM.ActiveCfg = Release|ARM
		{45697040-6CCA-4A5E-A346-67C9951AFDEC}.Release|ARM.Build.0 = Release|ARM
		{45697040-6CCA-4A5E-A346-67C9951AFDEC}.Release|ARM.Deploy.0 = Release|ARM
		{45697040-6CCA-4A5E-A346-67C9951AFDEC}.Release|ARM64.ActiveCfg = Release|ARM64
		{45697040-6CCA-4A5E-A346-67C9951AFDEC}.Release|ARM64.Build.0 = Release|ARM64
		{45697040-6CCA-4A5E-A346-67C9951AFDEC}.Release|ARM64.Deploy.0 = Release|ARM64
		{45697040-6CCA-4A5E-A346-67C9951AFDEC}.Release|x64.ActiveCfg = Release|x64
		{45697040-6CCA-4A5E-A346-67C9951AFDEC}.Release|x64.Build.0 = Release|x64
		{45697040-6CCA-4A5E-A346-67C9951AFDEC}.Release|x64.Deploy.0 = Release|x64
		{45697040-6CCA-4A5E-A346-67C9951AFDEC}.Release|x86.ActiveCfg = Release|x86
		{45697040-6CCA-4A5E-A346-67C9951AFDEC}.Release|x86.Build.0 = Release|x86
		{45697040-6CCA-4A5E-A346-67C9951AFDEC}.Release|x86.Deploy.0 = Release|x86
		{C4EDE2C7-0435-4372-8B46-161B463C5E43}.Debug|Any CPU.ActiveCfg = Debug|x64
		{C4EDE2C7-0435-4372-8B46-161B463C5E43}.Debug|Any CPU.Build.0 = Debug|x64
		{C4EDE2C7-0435-4372-8B46-161B463C5E43}.Debug|Any CPU.Deploy.0 = Debug|x64
		{C4EDE2C7-0435-4372-8B46-161B463C5E43}.Debug|ARM.ActiveCfg = Debug|ARM
		{C4EDE2C7-0435-4372-8B46-161B463C5E43}.Debug|ARM.Build.0 = Debug|ARM
		{C4EDE2C7-0435-4372-8B46-161B463C5E43}.Debug|ARM.Deploy.0 = Debug|ARM
		{C4EDE2C7-0435-4372-8B46-161B463C5E43}.Debug|ARM64.ActiveCfg = Debug|ARM64
		{C4EDE2C7-0435-4372-8B46-161B463C5E43}.Debug|ARM64.Build.0 = Debug|ARM64
		{C4EDE2C7-0435-4372-8B46-161B463C5E43}.Debug|ARM64.Deploy.0 = Debug|ARM64
		{C4EDE2C7-0435-4372-8B46-161B463C5E43}.Debug|x64.ActiveCfg = Debug|x64
		{C4EDE2C7-0435-4372-8B46-161B463C5E43}.Debug|x64.Build.0 = Debug|x64
		{C4EDE2C7-0435-4372-8B46-161B463C5E43}.Debug|x64.Deploy.0 = Debug|x64
		{C4EDE2C7-0435-4372-8B46-161B463C5E43}.Debug|x86.ActiveCfg = Debug|x86
		{C4EDE2C7-0435-4372-8B46-161B463C5E43}.Debug|x86.Build.0 = Debug|x86
		{C4EDE2C7-0435-4372-8B46-161B463C5E43}.Debug|x86.Deploy.0 = Debug|x86
		{C4EDE2C7-0435-4372-8B46-161B463C5E43}.Release|Any CPU.ActiveCfg = Release|x64
		{C4EDE2C7-0435-4372-8B46-161B463C5E43}.Release|Any CPU.Build.0 = Release|x64
		{C4EDE2C7-0435-4372-8B46-161B463C5E43}.Release|Any CPU.Deploy.0 = Release|x64
		{C4EDE2C7-0435-4372-8B46-161B463C5E43}.Release|ARM.ActiveCfg = Release|ARM
		{C4EDE2C7-0435-4372-8B46-161B463C5E43}.Release|ARM.Build.0 = Release|ARM
		{C4EDE2C7-0435-4372-8B46-161B463C5E43}.Release|ARM.Deploy.0 = Release|ARM
		{C4EDE2C7-0435-4372-8B46-161B463C5E43}.Release|ARM64.ActiveCfg = Release|ARM64
		{C4EDE2C7-0435-4372-8B46-161B463C5E43}.Release|ARM64.Build.0 = Release|ARM64
		{C4EDE2C7-0435-4372-8B46-161B463C5E43}.Release|ARM64.Deploy.0 = Release|ARM64
		{C4EDE2C7-0435-4372-8B46-161B463C5E43}.Release|x64.ActiveCfg = Release|x64
		{C4EDE2C7-0435-4372-8B46-161B463C5E43}.Release|x64.Build.0 = Release|x64
		{C4EDE2C7-0435-4372-8B46-161B463C5E43}.Release|x64.Deploy.0 = Release|x64
		{C4EDE2C7-0435-4372-8B46-161B463C5E43}.Release|x86.ActiveCfg = Release|x86
		{C4EDE2C7-0435-4372-8B46-161B463C5E43}.Release|x86.Build.0 = Release|x86
		{C4EDE2C7-0435-4372-8B46-161B463C5E43}.Release|x86.Deploy.0 = Release|x86
		{57BBE66A-5E48-4FC8-8606-52E8147BEE62}.Debug|Any CPU.ActiveCfg = Debug|Any CPU
		{57BBE66A-5E48-4FC8-8606-52E8147BEE62}.Debug|Any CPU.Build.0 = Debug|Any CPU
		{57BBE66A-5E48-4FC8-8606-52E8147BEE62}.Debug|ARM.ActiveCfg = Debug|ARM
		{57BBE66A-5E48-4FC8-8606-52E8147BEE62}.Debug|ARM.Build.0 = Debug|ARM
		{57BBE66A-5E48-4FC8-8606-52E8147BEE62}.Debug|ARM64.ActiveCfg = Debug|ARM64
		{57BBE66A-5E48-4FC8-8606-52E8147BEE62}.Debug|ARM64.Build.0 = Debug|ARM64
		{57BBE66A-5E48-4FC8-8606-52E8147BEE62}.Debug|x64.ActiveCfg = Debug|x64
		{57BBE66A-5E48-4FC8-8606-52E8147BEE62}.Debug|x64.Build.0 = Debug|x64
		{57BBE66A-5E48-4FC8-8606-52E8147BEE62}.Debug|x86.ActiveCfg = Debug|x86
		{57BBE66A-5E48-4FC8-8606-52E8147BEE62}.Debug|x86.Build.0 = Debug|x86
		{57BBE66A-5E48-4FC8-8606-52E8147BEE62}.Release|Any CPU.ActiveCfg = Release|Any CPU
		{57BBE66A-5E48-4FC8-8606-52E8147BEE62}.Release|Any CPU.Build.0 = Release|Any CPU
		{57BBE66A-5E48-4FC8-8606-52E8147BEE62}.Release|ARM.ActiveCfg = Release|ARM
		{57BBE66A-5E48-4FC8-8606-52E8147BEE62}.Release|ARM.Build.0 = Release|ARM
		{57BBE66A-5E48-4FC8-8606-52E8147BEE62}.Release|ARM64.ActiveCfg = Release|ARM64
		{57BBE66A-5E48-4FC8-8606-52E8147BEE62}.Release|ARM64.Build.0 = Release|ARM64
		{57BBE66A-5E48-4FC8-8606-52E8147BEE62}.Release|x64.ActiveCfg = Release|x64
		{57BBE66A-5E48-4FC8-8606-52E8147BEE62}.Release|x64.Build.0 = Release|x64
		{57BBE66A-5E48-4FC8-8606-52E8147BEE62}.Release|x86.ActiveCfg = Release|x86
		{57BBE66A-5E48-4FC8-8606-52E8147BEE62}.Release|x86.Build.0 = Release|x86
	EndGlobalSection
	GlobalSection(SolutionProperties) = preSolution
		HideSolutionNode = FALSE
	EndGlobalSection
	GlobalSection(ExtensibilityGlobals) = postSolution
		SolutionGuid = {3CAC3D96-1CBD-4213-97CE-6EE830F38ECD}
	EndGlobalSection
EndGlobal
